
Microsoft Visual Studio Solution File, Format Version 12.00
# Visual Studio Version 16
VisualStudioVersion = 16.0.30523.141
MinimumVisualStudioVersion = 10.0.40219.1
Project("{8BC9CEB8-8B4A-11D0-8D11-00A0C91BC942}") = "2020_12_09", "2020_12_09\2020_12_09.vcxproj", "{E7A7EED1-2FAD-4528-889C-BBC96DBD1905}"
EndProject
Global
	GlobalSection(SolutionConfigurationPlatforms) = preSolution
		Debug|x64 = Debug|x64
		Debug|x86 = Debug|x86
		Release|x64 = Release|x64
		Release|x86 = Release|x86
	EndGlobalSection
	GlobalSection(ProjectConfigurationPlatforms) = postSolution
		{E7A7EED1-2FAD-4528-889C-BBC96DBD1905}.Debug|x64.ActiveCfg = Debug|x64
		{E7A7EED1-2FAD-4528-889C-BBC96DBD1905}.Debug|x64.Build.0 = Debug|x64
		{E7A7EED1-2FAD-4528-889C-BBC96DBD1905}.Debug|x86.ActiveCfg = Debug|Win32
		{E7A7EED1-2FAD-4528-889C-BBC96DBD1905}.Debug|x86.Build.0 = Debug|Win32
		{E7A7EED1-2FAD-4528-889C-BBC96DBD1905}.Release|x64.ActiveCfg = Release|x64
		{E7A7EED1-2FAD-4528-889C-BBC96DBD1905}.Release|x64.Build.0 = Release|x64
		{E7A7EED1-2FAD-4528-889C-BBC96DBD1905}.Release|x86.ActiveCfg = Release|Win32
		{E7A7EED1-2FAD-4528-889C-BBC96DBD1905}.Release|x86.Build.0 = Release|Win32
	EndGlobalSection
	GlobalSection(SolutionProperties) = preSolution
		HideSolutionNode = FALSE
	EndGlobalSection
	GlobalSection(ExtensibilityGlobals) = postSolution
		SolutionGuid = {19123A0A-6E0C-4DE8-B4EC-038B3EA313A8}
	EndGlobalSection
EndGlobal
