
Microsoft Visual Studio Solution File, Format Version 12.00
# Visual Studio Version 16
VisualStudioVersion = 16.0.30523.141
MinimumVisualStudioVersion = 10.0.40219.1
Project("{8BC9CEB8-8B4A-11D0-8D11-00A0C91BC942}") = "07_String", "07_String\07_String.vcxproj", "{96D5CC40-1096-467D-9779-40F3EDA05999}"
EndProject
Global
	GlobalSection(SolutionConfigurationPlatforms) = preSolution
		Debug|x64 = Debug|x64
		Debug|x86 = Debug|x86
		Release|x64 = Release|x64
		Release|x86 = Release|x86
	EndGlobalSection
	GlobalSection(ProjectConfigurationPlatforms) = postSolution
		{96D5CC40-1096-467D-9779-40F3EDA05999}.Debug|x64.ActiveCfg = Debug|x64
		{96D5CC40-1096-467D-9779-40F3EDA05999}.Debug|x64.Build.0 = Debug|x64
		{96D5CC40-1096-467D-9779-40F3EDA05999}.Debug|x86.ActiveCfg = Debug|Win32
		{96D5CC40-1096-467D-9779-40F3EDA05999}.Debug|x86.Build.0 = Debug|Win32
		{96D5CC40-1096-467D-9779-40F3EDA05999}.Release|x64.ActiveCfg = Release|x64
		{96D5CC40-1096-467D-9779-40F3EDA05999}.Release|x64.Build.0 = Release|x64
		{96D5CC40-1096-467D-9779-40F3EDA05999}.Release|x86.ActiveCfg = Release|Win32
		{96D5CC40-1096-467D-9779-40F3EDA05999}.Release|x86.Build.0 = Release|Win32
	EndGlobalSection
	GlobalSection(SolutionProperties) = preSolution
		HideSolutionNode = FALSE
	EndGlobalSection
	GlobalSection(ExtensibilityGlobals) = postSolution
		SolutionGuid = {DB1C05CB-6E44-427B-9279-62B5FF5521EC}
	EndGlobalSection
EndGlobal
